<Solution>
  <Folder Name="/src/">
    <Project Path="src/SaasAiCrm.Application/SaasAiCrm.Application.csproj" />
    <Project Path="src/SaasAiCrm.Domain/SaasAiCrm.Domain.csproj" />
    <Project Path="src/SaasAiCrm.Infrastructure/SaasAiCrm.Infrastructure.csproj" />
    <Project Path="src/SaasAiCrm.WebApi/SaasAiCrm.WebApi.csproj" />
  </Folder>
</Solution>
